<?xml version="1.0" encoding="utf-8"?>
<Project ToolsVersion="4.0" xmlns="http://schemas.microsoft.com/developer/msbuild/2003">
  <ItemGroup>
    <Filter Include="SDK">
      <UniqueIdentifier>{bff435fd-aab9-4430-b3ef-00fa14ce18a6}</UniqueIdentifier>
    </Filter>
    <Filter Include="CSX">
      <UniqueIdentifier>{823f53d6-401a-4d0d-9cd3-5129bcc127d4}</UniqueIdentifier>
    </Filter>
    <Filter Include="RL">
      <UniqueIdentifier>{36b35862-ceca-4160-82ab-9b71dc12b704}</UniqueIdentifier>
    </Filter>
    <Filter Include="Engine">
      <UniqueIdentifier>{4ad3d73a-598b-4c85-b45b-763a6a0ade50}</UniqueIdentifier>
    </Filter>
    <Filter Include="Cheat">
      <UniqueIdentifier>{f10bad71-286b-4713-ad4e-d5ce57eec9e8}</UniqueIdentifier>
    </Filter>
    <Filter Include="Gui">
      <UniqueIdentifier>{2fafc2b2-8801-44f2-b91d-2271c8ececa1}</UniqueIdentifier>
    </Filter>
    <Filter Include="ImGui">
      <UniqueIdentifier>{ca266e16-cc8e-4002-a807-0f15de88640d}</UniqueIdentifier>
    </Filter>
    <Filter Include="License">
      <UniqueIdentifier>{fe0bff8a-3d6c-4217-9e22-103b79ff75ff}</UniqueIdentifier>
    </Filter>
    <Filter Include="Main">
      <UniqueIdentifier>{5405333d-363a-4748-b41d-8615bd5cb209}</UniqueIdentifier>
    </Filter>
    <Filter Include="Settings">
      <UniqueIdentifier>{8cd2f579-0c1e-4808-9f08-d61b3a871134}</UniqueIdentifier>
    </Filter>
    <Filter Include="Cheat\ESP">
      <UniqueIdentifier>{39198a11-36c7-4265-aaea-80a1f0801d29}</UniqueIdentifier>
    </Filter>
    <Filter Include="Cheat\Misc">
      <UniqueIdentifier>{4e126be4-105f-4280-bcd5-8e9ac64cda00}</UniqueIdentifier>
    </Filter>
  </ItemGroup>
  <ItemGroup>
    <ClInclude Include="SDK\BaseTypes.h">
      <Filter>SDK</Filter>
    </ClInclude>
    <ClInclude Include="SDK\ButtonCode.h">
      <Filter>SDK</Filter>
    </ClInclude>
    <ClInclude Include="SDK\CGlobalVarsBase.hpp">
      <Filter>SDK</Filter>
    </ClInclude>
    <ClInclude Include="SDK\CHandle.hpp">
      <Filter>SDK</Filter>
    </ClInclude>
    <ClInclude Include="SDK\CInput.hpp">
      <Filter>SDK</Filter>
    </ClInclude>
    <ClInclude Include="SDK\ClientClass.hpp">
      <Filter>SDK</Filter>
    </ClInclude>
    <ClInclude Include="SDK\Color.hpp">
      <Filter>SDK</Filter>
    </ClInclude>
    <ClInclude Include="SDK\Const.h">
      <Filter>SDK</Filter>
    </ClInclude>
    <ClInclude Include="SDK\CRC.hpp">
      <Filter>SDK</Filter>
    </ClInclude>
    <ClInclude Include="SDK\Definitions.hpp">
      <Filter>SDK</Filter>
    </ClInclude>
    <ClInclude Include="SDK\IAppSystem.hpp">
      <Filter>SDK</Filter>
    </ClInclude>
    <ClInclude Include="SDK\IBaseClientDll.hpp">
      <Filter>SDK</Filter>
    </ClInclude>
    <ClInclude Include="SDK\IClientEntity.hpp">
      <Filter>SDK</Filter>
    </ClInclude>
    <ClInclude Include="SDK\IClientEntityList.hpp">
      <Filter>SDK</Filter>
    </ClInclude>
    <ClInclude Include="SDK\IClientMode.hpp">
      <Filter>SDK</Filter>
    </ClInclude>
    <ClInclude Include="SDK\IClientNetworkable.hpp">
      <Filter>SDK</Filter>
    </ClInclude>
    <ClInclude Include="SDK\IClientRenderable.hpp">
      <Filter>SDK</Filter>
    </ClInclude>
    <ClInclude Include="SDK\IClientThinkable.hpp">
      <Filter>SDK</Filter>
    </ClInclude>
    <ClInclude Include="SDK\IClientUnknown.hpp">
      <Filter>SDK</Filter>
    </ClInclude>
    <ClInclude Include="SDK\ICollideable.h">
      <Filter>SDK</Filter>
    </ClInclude>
    <ClInclude Include="SDK\IDebugOverlay.hpp">
      <Filter>SDK</Filter>
    </ClInclude>
    <ClInclude Include="SDK\IEngineSound.h">
      <Filter>SDK</Filter>
    </ClInclude>
    <ClInclude Include="SDK\IEngineTrace.hpp">
      <Filter>SDK</Filter>
    </ClInclude>
    <ClInclude Include="SDK\IGameEvent.h">
      <Filter>SDK</Filter>
    </ClInclude>
    <ClInclude Include="SDK\IHandleEntity.hpp">
      <Filter>SDK</Filter>
    </ClInclude>
    <ClInclude Include="SDK\IMaterial.h">
      <Filter>SDK</Filter>
    </ClInclude>
    <ClInclude Include="SDK\IMaterialSystem.h">
      <Filter>SDK</Filter>
    </ClInclude>
    <ClInclude Include="SDK\InputEnums.h">
      <Filter>SDK</Filter>
    </ClInclude>
    <ClInclude Include="SDK\ISurface.h">
      <Filter>SDK</Filter>
    </ClInclude>
    <ClInclude Include="SDK\IVEngineClient.hpp">
      <Filter>SDK</Filter>
    </ClInclude>
    <ClInclude Include="SDK\IVModelInfoClient.hpp">
      <Filter>SDK</Filter>
    </ClInclude>
    <ClInclude Include="SDK\IVModelRender.h">
      <Filter>SDK</Filter>
    </ClInclude>
    <ClInclude Include="SDK\IVRenderView.h">
      <Filter>SDK</Filter>
    </ClInclude>
    <ClInclude Include="SDK\KeyValues.h">
      <Filter>SDK</Filter>
    </ClInclude>
    <ClInclude Include="SDK\PlayerInfo.hpp">
      <Filter>SDK</Filter>
    </ClInclude>
    <ClInclude Include="SDK\QAngle.hpp">
      <Filter>SDK</Filter>
    </ClInclude>
    <ClInclude Include="SDK\Recv.hpp">
      <Filter>SDK</Filter>
    </ClInclude>
    <ClInclude Include="SDK\RecvCommon.hpp">
      <Filter>SDK</Filter>
    </ClInclude>
    <ClInclude Include="SDK\SDK.h">
      <Filter>SDK</Filter>
    </ClInclude>
    <ClInclude Include="SDK\TextureGroupNames.h">
      <Filter>SDK</Filter>
    </ClInclude>
    <ClInclude Include="SDK\Vector.hpp">
      <Filter>SDK</Filter>
    </ClInclude>
    <ClInclude Include="SDK\Vector2D.hpp">
      <Filter>SDK</Filter>
    </ClInclude>
    <ClInclude Include="SDK\Vector4D.hpp">
      <Filter>SDK</Filter>
    </ClInclude>
    <ClInclude Include="SDK\VMatrix.hpp">
      <Filter>SDK</Filter>
    </ClInclude>
    <ClInclude Include="SDK\Vplane.h">
      <Filter>SDK</Filter>
    </ClInclude>
    <ClInclude Include="CSX\CSX.h">
      <Filter>CSX</Filter>
    </ClInclude>
    <ClInclude Include="CSX\CSX_Cvar.h">
      <Filter>CSX</Filter>
    </ClInclude>
    <ClInclude Include="CSX\CSX_Hook.h">
      <Filter>CSX</Filter>
    </ClInclude>
    <ClInclude Include="CSX\CSX_Log.h">
      <Filter>CSX</Filter>
    </ClInclude>
    <ClInclude Include="CSX\CSX_Memory.h">
      <Filter>CSX</Filter>
    </ClInclude>
    <ClInclude Include="CSX\CSX_Utils.h">
      <Filter>CSX</Filter>
    </ClInclude>
    <ClInclude Include="Engine\Engine.h">
      <Filter>Engine</Filter>
    </ClInclude>
    <ClInclude Include="Engine\Entity.h">
      <Filter>Engine</Filter>
    </ClInclude>
    <ClInclude Include="Engine\Hook.h">
      <Filter>Engine</Filter>
    </ClInclude>
    <ClInclude Include="Engine\NetVar.h">
      <Filter>Engine</Filter>
    </ClInclude>
    <ClInclude Include="Engine\Offset.h">
      <Filter>Engine</Filter>
    </ClInclude>
    <ClInclude Include="Engine\Players.h">
      <Filter>Engine</Filter>
    </ClInclude>
    <ClInclude Include="Engine\Render.h">
      <Filter>Engine</Filter>
    </ClInclude>
    <ClInclude Include="Engine\Weapon.h">
      <Filter>Engine</Filter>
    </ClInclude>
    <ClInclude Include="RL\ReflectiveDLLInjection.h">
      <Filter>RL</Filter>
    </ClInclude>
    <ClInclude Include="RL\ReflectiveLoader.h">
      <Filter>RL</Filter>
    </ClInclude>
    <ClInclude Include="Gui\Gui.h">
      <Filter>Gui</Filter>
    </ClInclude>
    <ClInclude Include="ImGui\imconfig.h">
      <Filter>ImGui</Filter>
    </ClInclude>
    <ClInclude Include="ImGui\imgui.h">
      <Filter>ImGui</Filter>
    </ClInclude>
    <ClInclude Include="ImGui\imgui_impl_dx9.h">
      <Filter>ImGui</Filter>
    </ClInclude>
    <ClInclude Include="ImGui\imgui_internal.h">
      <Filter>ImGui</Filter>
    </ClInclude>
    <ClInclude Include="ImGui\stb_rect_pack.h">
      <Filter>ImGui</Filter>
    </ClInclude>
    <ClInclude Include="ImGui\stb_textedit.h">
      <Filter>ImGui</Filter>
    </ClInclude>
    <ClInclude Include="ImGui\stb_truetype.h">
      <Filter>ImGui</Filter>
    </ClInclude>
    <ClInclude Include="License\License.h">
      <Filter>License</Filter>
    </ClInclude>
    <ClInclude Include="Main\Main.h">
      <Filter>Main</Filter>
    </ClInclude>
    <ClInclude Include="config.h" />
    <ClInclude Include="Settings\Settings.h">
      <Filter>Settings</Filter>
    </ClInclude>
    <ClInclude Include="Cheat\Client.h">
      <Filter>Cheat</Filter>
    </ClInclude>
    <ClInclude Include="Cheat\Esp\Esp.h">
      <Filter>Cheat\ESP</Filter>
    </ClInclude>
    <ClInclude Include="Cheat\Misc\Misc.h">
      <Filter>Cheat\Misc</Filter>
    </ClInclude>
  </ItemGroup>
  <ItemGroup>
    <ClCompile Include="SDK\CRC.cpp">
      <Filter>SDK</Filter>
    </ClCompile>
    <ClCompile Include="SDK\KeyValues.cpp">
      <Filter>SDK</Filter>
    </ClCompile>
    <ClCompile Include="SDK\SDK.cpp">
      <Filter>SDK</Filter>
    </ClCompile>
    <ClCompile Include="SDK\Vector.cpp">
      <Filter>SDK</Filter>
    </ClCompile>
    <ClCompile Include="SDK\Vector2D.cpp">
      <Filter>SDK</Filter>
    </ClCompile>
    <ClCompile Include="SDK\Vector4D.cpp">
      <Filter>SDK</Filter>
    </ClCompile>
    <ClCompile Include="SDK\VMatrix.cpp">
      <Filter>SDK</Filter>
    </ClCompile>
    <ClCompile Include="CSX\CSX_Cvar.cpp">
      <Filter>CSX</Filter>
    </ClCompile>
    <ClCompile Include="CSX\CSX_Hook.cpp">
      <Filter>CSX</Filter>
    </ClCompile>
    <ClCompile Include="CSX\CSX_Log.cpp">
      <Filter>CSX</Filter>
    </ClCompile>
    <ClCompile Include="CSX\CSX_Memory.cpp">
      <Filter>CSX</Filter>
    </ClCompile>
    <ClCompile Include="CSX\CSX_Utils.cpp">
      <Filter>CSX</Filter>
    </ClCompile>
    <ClCompile Include="Engine\Engine.cpp">
      <Filter>Engine</Filter>
    </ClCompile>
    <ClCompile Include="Engine\Entity.cpp">
      <Filter>Engine</Filter>
    </ClCompile>
    <ClCompile Include="Engine\Hook.cpp">
      <Filter>Engine</Filter>
    </ClCompile>
    <ClCompile Include="Engine\NetVar.cpp">
      <Filter>Engine</Filter>
    </ClCompile>
    <ClCompile Include="Engine\Offset.cpp">
      <Filter>Engine</Filter>
    </ClCompile>
    <ClCompile Include="Engine\Players.cpp">
      <Filter>Engine</Filter>
    </ClCompile>
    <ClCompile Include="Engine\Render.cpp">
      <Filter>Engine</Filter>
    </ClCompile>
    <ClCompile Include="Engine\Weapon.cpp">
      <Filter>Engine</Filter>
    </ClCompile>
    <ClCompile Include="RL\ReflectiveLoader.cpp">
      <Filter>RL</Filter>
    </ClCompile>
    <ClCompile Include="Gui\Gui.cpp">
      <Filter>Gui</Filter>
    </ClCompile>
    <ClCompile Include="ImGui\imgui.cpp">
      <Filter>ImGui</Filter>
    </ClCompile>
    <ClCompile Include="ImGui\imgui_draw.cpp">
      <Filter>ImGui</Filter>
    </ClCompile>
    <ClCompile Include="ImGui\imgui_impl_dx9.cpp">
      <Filter>ImGui</Filter>
    </ClCompile>
    <ClCompile Include="License\License.cpp">
      <Filter>License</Filter>
    </ClCompile>
    <ClCompile Include="Main\Main.cpp">
      <Filter>Main</Filter>
    </ClCompile>
    <ClCompile Include="Settings\Settings.cpp">
      <Filter>Settings</Filter>
    </ClCompile>
    <ClCompile Include="Cheat\Client.cpp">
      <Filter>Cheat</Filter>
    </ClCompile>
    <ClCompile Include="Cheat\Esp\Esp.cpp">
      <Filter>Cheat\ESP</Filter>
    </ClCompile>
    <ClCompile Include="Cheat\Misc\Misc.cpp">
      <Filter>Cheat\Misc</Filter>
    </ClCompile>
  </ItemGroup>
</Project>